
Microsoft Visual Studio Solution File, Format Version 12.00
# Visual Studio Version 16
VisualStudioVersion = 16.0.30406.217
MinimumVisualStudioVersion = 10.0.40219.1
Project("{E24C65DC-7377-472B-9ABA-BC803B73C61A}") = "website", "website\", "{9D4042AB-D04B-4CC2-AE33-3D5802A40CAF}"
	ProjectSection(WebsiteProperties) = preProject
		TargetFrameworkMoniker = ".NETFramework,Version%3Dv4.0"
		ProjectReferences = "{f1a903e4-3785-4c04-9986-568d3ee5631d}|DAL.dll;"
		Debug.AspNetCompiler.VirtualPath = "/localhost_64801"
		Debug.AspNetCompiler.PhysicalPath = "website\"
		Debug.AspNetCompiler.TargetPath = "PrecompiledWeb\localhost_64801\"
		Debug.AspNetCompiler.Updateable = "true"
		Debug.AspNetCompiler.ForceOverwrite = "true"
		Debug.AspNetCompiler.FixedNames = "false"
		Debug.AspNetCompiler.Debug = "True"
		Release.AspNetCompiler.VirtualPath = "/localhost_64801"
		Release.AspNetCompiler.PhysicalPath = "website\"
		Release.AspNetCompiler.TargetPath = "PrecompiledWeb\localhost_64801\"
		Release.AspNetCompiler.Updateable = "true"
		Release.AspNetCompiler.ForceOverwrite = "true"
		Release.AspNetCompiler.FixedNames = "false"
		Release.AspNetCompiler.Debug = "False"
		VWDPort = "64801"
		SlnRelativePath = "website\"
	EndProjectSection
EndProject
Project("{FAE04EC0-301F-11D3-BF4B-00C04F79EFBC}") = "DAL", "DAL\DAL.csproj", "{F1A903E4-3785-4C04-9986-568D3EE5631D}"
EndProject
Global
	GlobalSection(SolutionConfigurationPlatforms) = preSolution
		Debug|Any CPU = Debug|Any CPU
		Debug|iPhone = Debug|iPhone
		Debug|iPhoneSimulator = Debug|iPhoneSimulator
		Release|Any CPU = Release|Any CPU
		Release|iPhone = Release|iPhone
		Release|iPhoneSimulator = Release|iPhoneSimulator
	EndGlobalSection
	GlobalSection(ProjectConfigurationPlatforms) = postSolution
		{9D4042AB-D04B-4CC2-AE33-3D5802A40CAF}.Debug|Any CPU.ActiveCfg = Debug|Any CPU
		{9D4042AB-D04B-4CC2-AE33-3D5802A40CAF}.Debug|Any CPU.Build.0 = Debug|Any CPU
		{9D4042AB-D04B-4CC2-AE33-3D5802A40CAF}.Debug|iPhone.ActiveCfg = Debug|Any CPU
		{9D4042AB-D04B-4CC2-AE33-3D5802A40CAF}.Debug|iPhone.Build.0 = Debug|Any CPU
		{9D4042AB-D04B-4CC2-AE33-3D5802A40CAF}.Debug|iPhoneSimulator.ActiveCfg = Debug|Any CPU
		{9D4042AB-D04B-4CC2-AE33-3D5802A40CAF}.Debug|iPhoneSimulator.Build.0 = Debug|Any CPU
		{9D4042AB-D04B-4CC2-AE33-3D5802A40CAF}.Release|Any CPU.ActiveCfg = Debug|Any CPU
		{9D4042AB-D04B-4CC2-AE33-3D5802A40CAF}.Release|Any CPU.Build.0 = Debug|Any CPU
		{9D4042AB-D04B-4CC2-AE33-3D5802A40CAF}.Release|iPhone.ActiveCfg = Debug|Any CPU
		{9D4042AB-D04B-4CC2-AE33-3D5802A40CAF}.Release|iPhone.Build.0 = Debug|Any CPU
		{9D4042AB-D04B-4CC2-AE33-3D5802A40CAF}.Release|iPhoneSimulator.ActiveCfg = Debug|Any CPU
		{9D4042AB-D04B-4CC2-AE33-3D5802A40CAF}.Release|iPhoneSimulator.Build.0 = Debug|Any CPU
		{F1A903E4-3785-4C04-9986-568D3EE5631D}.Debug|Any CPU.ActiveCfg = Debug|Any CPU
		{F1A903E4-3785-4C04-9986-568D3EE5631D}.Debug|Any CPU.Build.0 = Debug|Any CPU
		{F1A903E4-3785-4C04-9986-568D3EE5631D}.Debug|iPhone.ActiveCfg = Debug|Any CPU
		{F1A903E4-3785-4C04-9986-568D3EE5631D}.Debug|iPhone.Build.0 = Debug|Any CPU
		{F1A903E4-3785-4C04-9986-568D3EE5631D}.Debug|iPhoneSimulator.ActiveCfg = Debug|Any CPU
		{F1A903E4-3785-4C04-9986-568D3EE5631D}.Debug|iPhoneSimulator.Build.0 = Debug|Any CPU
		{F1A903E4-3785-4C04-9986-568D3EE5631D}.Release|Any CPU.ActiveCfg = Release|Any CPU
		{F1A903E4-3785-4C04-9986-568D3EE5631D}.Release|Any CPU.Build.0 = Release|Any CPU
		{F1A903E4-3785-4C04-9986-568D3EE5631D}.Release|iPhone.ActiveCfg = Release|Any CPU
		{F1A903E4-3785-4C04-9986-568D3EE5631D}.Release|iPhone.Build.0 = Release|Any CPU
		{F1A903E4-3785-4C04-9986-568D3EE5631D}.Release|iPhoneSimulator.ActiveCfg = Release|Any CPU
		{F1A903E4-3785-4C04-9986-568D3EE5631D}.Release|iPhoneSimulator.Build.0 = Release|Any CPU
	EndGlobalSection
	GlobalSection(SolutionProperties) = preSolution
		HideSolutionNode = FALSE
	EndGlobalSection
	GlobalSection(ExtensibilityGlobals) = postSolution
		SolutionGuid = {C178F0A1-23AB-4F24-87E5-C5D22EAE2C26}
	EndGlobalSection
EndGlobal
